// !$*UTF8*$!
{
	archiveVersion = 1;
	classes = {
	};
	objectVersion = 50;
	objects = {

/* Begin PBXBuildFile section */
		845D7EDE25A3F8FD00D174AD /* MyQueue.swift in Sources */ = {isa = PBXBuildFile; fileRef = 845D7EDD25A3F8FD00D174AD /* MyQueue.swift */; };
		845D7EE725A3F96100D174AD /* ExampleTests.swift in Sources */ = {isa = PBXBuildFile; fileRef = 845D7EE625A3F96100D174AD /* ExampleTests.swift */; };
		84CEE4F925A30C4700C567B5 /* AppDelegate.swift in Sources */ = {isa = PBXBuildFile; fileRef = 84CEE4F825A30C4700C567B5 /* AppDelegate.swift */; };
		84CEE4FB25A30C4700C567B5 /* SceneDelegate.swift in Sources */ = {isa = PBXBuildFile; fileRef = 84CEE4FA25A30C4700C567B5 /* SceneDelegate.swift */; };
		84CEE4FD25A30C4700C567B5 /* ViewController.swift in Sources */ = {isa = PBXBuildFile; fileRef = 84CEE4FC25A30C4700C567B5 /* ViewController.swift */; };
		84CEE50025A30C4700C567B5 /* Main.storyboard in Resources */ = {isa = PBXBuildFile; fileRef = 84CEE4FE25A30C4700C567B5 /* Main.storyboard */; };
		84CEE50225A30C4800C567B5 /* Assets.xcassets in Resources */ = {isa = PBXBuildFile; fileRef = 84CEE50125A30C4800C567B5 /* Assets.xcassets */; };
		84CEE50525A30C4800C567B5 /* LaunchScreen.storyboard in Resources */ = {isa = PBXBuildFile; fileRef = 84CEE50325A30C4800C567B5 /* LaunchScreen.storyboard */; };
/* End PBXBuildFile section */

/* Begin PBXContainerItemProxy section */
		845D7EE925A3F96100D174AD /* PBXContainerItemProxy */ = {
			isa = PBXContainerItemProxy;
			containerPortal = 84CEE4ED25A30C4700C567B5 /* Project object */;
			proxyType = 1;
			remoteGlobalIDString = 84CEE4F425A30C4700C567B5;
			remoteInfo = Example;
		};
/* End PBXContainerItemProxy section */

/* Begin PBXFileReference section */
		845D7EDD25A3F8FD00D174AD /* MyQueue.swift */ = {isa = PBXFileReference; lastKnownFileType = sourcecode.swift; path = MyQueue.swift; sourceTree = "<group>"; };
		845D7EE425A3F96100D174AD /* ExampleTests.xctest */ = {isa = PBXFileReference; explicitFileType = wrapper.cfbundle; includeInIndex = 0; path = ExampleTests.xctest; sourceTree = BUILT_PRODUCTS_DIR; };
		845D7EE625A3F96100D174AD /* ExampleTests.swift */ = {isa = PBXFileReference; lastKnownFileType = sourcecode.swift; path = ExampleTests.swift; sourceTree = "<group>"; };
		845D7EE825A3F96100D174AD /* Info.plist */ = {isa = PBXFileReference; lastKnownFileType = text.plist.xml; path = Info.plist; sourceTree = "<group>"; };
		84CEE4F525A30C4700C567B5 /* Example.app */ = {isa = PBXFileReference; explicitFileType = wrapper.application; includeInIndex = 0; path = Example.app; sourceTree = BUILT_PRODUCTS_DIR; };
		84CEE4F825A30C4700C567B5 /* AppDelegate.swift */ = {isa = PBXFileReference; lastKnownFileType = sourcecode.swift; path = AppDelegate.swift; sourceTree = "<group>"; };
		84CEE4FA25A30C4700C567B5 /* SceneDelegate.swift */ = {isa = PBXFileReference; lastKnownFileType = sourcecode.swift; path = SceneDelegate.swift; sourceTree = "<group>"; };
		84CEE4FC25A30C4700C567B5 /* ViewController.swift */ = {isa = PBXFileReference; lastKnownFileType = sourcecode.swift; path = ViewController.swift; sourceTree = "<group>"; };
		84CEE4FF25A30C4700C567B5 /* Base */ = {isa = PBXFileReference; lastKnownFileType = file.storyboard; name = Base; path = Base.lproj/Main.storyboard; sourceTree = "<group>"; };
		84CEE50125A30C4800C567B5 /* Assets.xcassets */ = {isa = PBXFileReference; lastKnownFileType = folder.assetcatalog; path = Assets.xcassets; sourceTree = "<group>"; };
		84CEE50425A30C4800C567B5 /* Base */ = {isa = PBXFileReference; lastKnownFileType = file.storyboard; name = Base; path = Base.lproj/LaunchScreen.storyboard; sourceTree = "<group>"; };
		84CEE50625A30C4800C567B5 /* Info.plist */ = {isa = PBXFileReference; lastKnownFileType = text.plist.xml; path = Info.plist; sourceTree = "<group>"; };
/* End PBXFileReference section */

/* Begin PBXFrameworksBuildPhase section */
		845D7EE125A3F96100D174AD /* Frameworks */ = {
			isa = PBXFrameworksBuildPhase;
			buildActionMask = 2147483647;
			files = (
			);
			runOnlyForDeploymentPostprocessing = 0;
		};
		84CEE4F225A30C4700C567B5 /* Frameworks */ = {
			isa = PBXFrameworksBuildPhase;
			buildActionMask = 2147483647;
			files = (
			);
			runOnlyForDeploymentPostprocessing = 0;
		};
/* End PBXFrameworksBuildPhase section */

/* Begin PBXGroup section */
		845D7EE525A3F96100D174AD /* ExampleTests */ = {
			isa = PBXGroup;
			children = (
				845D7EE625A3F96100D174AD /* ExampleTests.swift */,
				845D7EE825A3F96100D174AD /* Info.plist */,
			);
			path = ExampleTests;
			sourceTree = "<group>";
		};
		84CEE4EC25A30C4700C567B5 = {
			isa = PBXGroup;
			children = (
				84CEE4F725A30C4700C567B5 /* Example */,
				845D7EE525A3F96100D174AD /* ExampleTests */,
				84CEE4F625A30C4700C567B5 /* Products */,
			);
			sourceTree = "<group>";
		};
		84CEE4F625A30C4700C567B5 /* Products */ = {
			isa = PBXGroup;
			children = (
				84CEE4F525A30C4700C567B5 /* Example.app */,
				845D7EE425A3F96100D174AD /* ExampleTests.xctest */,
			);
			name = Products;
			sourceTree = "<group>";
		};
		84CEE4F725A30C4700C567B5 /* Example */ = {
			isa = PBXGroup;
			children = (
				84CEE4F825A30C4700C567B5 /* AppDelegate.swift */,
				84CEE4FA25A30C4700C567B5 /* SceneDelegate.swift */,
				84CEE4FC25A30C4700C567B5 /* ViewController.swift */,
				84CEE4FE25A30C4700C567B5 /* Main.storyboard */,
				84CEE50125A30C4800C567B5 /* Assets.xcassets */,
				84CEE50325A30C4800C567B5 /* LaunchScreen.storyboard */,
				84CEE50625A30C4800C567B5 /* Info.plist */,
				845D7EDD25A3F8FD00D174AD /* MyQueue.swift */,
			);
			path = Example;
			sourceTree = "<group>";
		};
/* End PBXGroup section */

/* Begin PBXNativeTarget section */
		845D7EE325A3F96100D174AD /* ExampleTests */ = {
			isa = PBXNativeTarget;
			buildConfigurationList = 845D7EEB25A3F96100D174AD /* Build configuration list for PBXNativeTarget "ExampleTests" */;
			buildPhases = (
				845D7EE025A3F96100D174AD /* Sources */,
				845D7EE125A3F96100D174AD /* Frameworks */,
				845D7EE225A3F96100D174AD /* Resources */,
			);
			buildRules = (
			);
			dependencies = (
				845D7EEA25A3F96100D174AD /* PBXTargetDependency */,
			);
			name = ExampleTests;
			productName = ExampleTests;
			productReference = 845D7EE425A3F96100D174AD /* ExampleTests.xctest */;
			productType = "com.apple.product-type.bundle.unit-test";
		};
		84CEE4F425A30C4700C567B5 /* Example */ = {
			isa = PBXNativeTarget;
			buildConfigurationList = 84CEE50925A30C4800C567B5 /* Build configuration list for PBXNativeTarget "Example" */;
			buildPhases = (
				84CEE4F125A30C4700C567B5 /* Sources */,
				84CEE4F225A30C4700C567B5 /* Frameworks */,
				84CEE4F325A30C4700C567B5 /* Resources */,
			);
			buildRules = (
			);
			dependencies = (
			);
			name = Example;
			productName = Example;
			productReference = 84CEE4F525A30C4700C567B5 /* Example.app */;
			productType = "com.apple.product-type.application";
		};
/* End PBXNativeTarget section */

/* Begin PBXProject section */
		84CEE4ED25A30C4700C567B5 /* Project object */ = {
			isa = PBXProject;
			attributes = {
				LastSwiftUpdateCheck = 1220;
				LastUpgradeCheck = 1220;
				TargetAttributes = {
					845D7EE325A3F96100D174AD = {
						CreatedOnToolsVersion = 12.2;
						TestTargetID = 84CEE4F425A30C4700C567B5;
					};
					84CEE4F425A30C4700C567B5 = {
						CreatedOnToolsVersion = 12.2;
					};
				};
			};
			buildConfigurationList = 84CEE4F025A30C4700C567B5 /* Build configuration list for PBXProject "Example" */;
			compatibilityVersion = "Xcode 9.3";
			developmentRegion = en;
			hasScannedForEncodings = 0;
			knownRegions = (
				en,
				Base,
			);
			mainGroup = 84CEE4EC25A30C4700C567B5;
			productRefGroup = 84CEE4F625A30C4700C567B5 /* Products */;
			projectDirPath = "";
			projectRoot = "";
			targets = (
				84CEE4F425A30C4700C567B5 /* Example */,
				845D7EE325A3F96100D174AD /* ExampleTests */,
			);
		};
/* End PBXProject section */

/* Begin PBXResourcesBuildPhase section */
		845D7EE225A3F96100D174AD /* Resources */ = {
			isa = PBXResourcesBuildPhase;
			buildActionMask = 2147483647;
			files = (
			);
			runOnlyForDeploymentPostprocessing = 0;
		};
		84CEE4F325A30C4700C567B5 /* Resources */ = {
			isa = PBXResourcesBuildPhase;
			buildActionMask = 2147483647;
			files = (
				84CEE50525A30C4800C567B5 /* LaunchScreen.storyboard in Resources */,
				84CEE50225A30C4800C567B5 /* Assets.xcassets in Resources */,
				84CEE50025A30C4700C567B5 /* Main.storyboard in Resources */,
			);
			runOnlyForDeploymentPostprocessing = 0;
		};
/* End PBXResourcesBuildPhase section */

/* Begin PBXSourcesBuildPhase section */
		845D7EE025A3F96100D174AD /* Sources */ = {
			isa = PBXSourcesBuildPhase;
			buildActionMask = 2147483647;
			files = (
				845D7EE725A3F96100D174AD /* ExampleTests.swift in Sources */,
			);
			runOnlyForDeploymentPostprocessing = 0;
		};
		84CEE4F125A30C4700C567B5 /* Sources */ = {
			isa = PBXSourcesBuildPhase;
			buildActionMask = 2147483647;
			files = (
				84CEE4FD25A30C4700C567B5 /* ViewController.swift in Sources */,
				84CEE4F925A30C4700C567B5 /* AppDelegate.swift in Sources */,
				84CEE4FB25A30C4700C567B5 /* SceneDelegate.swift in Sources */,
				845D7EDE25A3F8FD00D174AD /* MyQueue.swift in Sources */,
			);
			runOnlyForDeploymentPostprocessing = 0;
		};
/* End PBXSourcesBuildPhase section */

/* Begin PBXTargetDependency section */
		845D7EEA25A3F96100D174AD /* PBXTargetDependency */ = {
			isa = PBXTargetDependency;
			target = 84CEE4F425A30C4700C567B5 /* Example */;
			targetProxy = 845D7EE925A3F96100D174AD /* PBXContainerItemProxy */;
		};
/* End PBXTargetDependency section */

/* Begin PBXVariantGroup section */
		84CEE4FE25A30C4700C567B5 /* Main.storyboard */ = {
			isa = PBXVariantGroup;
			children = (
				84CEE4FF25A30C4700C567B5 /* Base */,
			);
			name = Main.storyboard;
			sourceTree = "<group>";
		};
		84CEE50325A30C4800C567B5 /* LaunchScreen.storyboard */ = {
			isa = PBXVariantGroup;
			children = (
				84CEE50425A30C4800C567B5 /* Base */,
			);
			name = LaunchScreen.storyboard;
			sourceTree = "<group>";
		};
/* End PBXVariantGroup section */

/* Begin XCBuildConfiguration section */
		845D7EEC25A3F96100D174AD /* Debug */ = {
			isa = XCBuildConfiguration;
			buildSettings = {
				BUNDLE_LOADER = "$(TEST_HOST)";
				CODE_SIGN_STYLE = Automatic;
				INFOPLIST_FILE = ExampleTests/Info.plist;
				LD_RUNPATH_SEARCH_PATHS = (
					"$(inherited)",
					"@executable_path/Frameworks",
					"@loader_path/Frameworks",
				);
				PRODUCT_BUNDLE_IDENTIFIER = vn.conglv.ExampleTests;
				PRODUCT_NAME = "$(TARGET_NAME)";
				SWIFT_VERSION = 5.0;
				TARGETED_DEVICE_FAMILY = "1,2";
				TEST_HOST = "$(BUILT_PRODUCTS_DIR)/Example.app/Example";
			};
			name = Debug;
		};
		845D7EED25A3F96100D174AD /* Release */ = {
			isa = XCBuildConfiguration;
			buildSettings = {
				BUNDLE_LOADER = "$(TEST_HOST)";
				CODE_SIGN_STYLE = Automatic;
				INFOPLIST_FILE = ExampleTests/Info.plist;
				LD_RUNPATH_SEARCH_PATHS = (
					"$(inherited)",
					"@executable_path/Frameworks",
					"@loader_path/Frameworks",
				);
				PRODUCT_BUNDLE_IDENTIFIER = vn.conglv.ExampleTests;
				PRODUCT_NAME = "$(TARGET_NAME)";
				SWIFT_VERSION = 5.0;
				TARGETED_DEVICE_FAMILY = "1,2";
				TEST_HOST = "$(BUILT_PRODUCTS_DIR)/Example.app/Example";
			};
			name = Release;
		};
		84CEE50725A30C4800C567B5 /* Debug */ = {
			isa = XCBuildConfiguration;
			buildSettings = {
				ALWAYS_SEARCH_USER_PATHS = NO;
				CLANG_ANALYZER_NONNULL = YES;
				CLANG_ANALYZER_NUMBER_OBJECT_CONVERSION = YES_AGGRESSIVE;
				CLANG_CXX_LANGUAGE_STANDARD = "gnu++14";
				CLANG_CXX_LIBRARY = "libc++";
				CLANG_ENABLE_MODULES = YES;
				CLANG_ENABLE_OBJC_ARC = YES;
				CLANG_ENABLE_OBJC_WEAK = YES;
				CLANG_WARN_BLOCK_CAPTURE_AUTORELEASING = YES;
				CLANG_WARN_BOOL_CONVERSION = YES;
				CLANG_WARN_COMMA = YES;
				CLANG_WARN_CONSTANT_CONVERSION = YES;
				CLANG_WARN_DEPRECATED_OBJC_IMPLEMENTATIONS = YES;
				CLANG_WARN_DIRECT_OBJC_ISA_USAGE = YES_ERROR;
				CLANG_WARN_DOCUMENTATION_COMMENTS = YES;
				CLANG_WARN_EMPTY_BODY = YES;
				CLANG_WARN_ENUM_CONVERSION = YES;
				CLANG_WARN_INFINITE_RECURSION = YES;
				CLANG_WARN_INT_CONVERSION = YES;
				CLANG_WARN_NON_LITERAL_NULL_CONVERSION = YES;
				CLANG_WARN_OBJC_IMPLICIT_RETAIN_SELF = YES;
				CLANG_WARN_OBJC_LITERAL_CONVERSION = YES;
				CLANG_WARN_OBJC_ROOT_CLASS = YES_ERROR;
				CLANG_WARN_QUOTED_INCLUDE_IN_FRAMEWORK_HEADER = YES;
				CLANG_WARN_RANGE_LOOP_ANALYSIS = YES;
				CLANG_WARN_STRICT_PROTOTYPES = YES;
				CLANG_WARN_SUSPICIOUS_MOVE = YES;
				CLANG_WARN_UNGUARDED_AVAILABILITY = YES_AGGRESSIVE;
				CLANG_WARN_UNREACHABLE_CODE = YES;
				CLANG_WARN__DUPLICATE_METHOD_MATCH = YES;
				COPY_PHASE_STRIP = NO;
				DEBUG_INFORMATION_FORMAT = dwarf;
				ENABLE_STRICT_OBJC_MSGSEND = YES;
				ENABLE_TESTABILITY = YES;
				GCC_C_LANGUAGE_STANDARD = gnu11;
				GCC_DYNAMIC_NO_PIC = NO;
				GCC_NO_COMMON_BLOCKS = YES;
				GCC_OPTIMIZATION_LEVEL = 0;
				GCC_PREPROCESSOR_DEFINITIONS = (
					"DEBUG=1",
					"$(inherited)",
				);
				GCC_WARN_64_TO_32_BIT_CONVERSION = YES;
				GCC_WARN_ABOUT_RETURN_TYPE = YES_ERROR;
				GCC_WARN_UNDECLARED_SELECTOR = YES;
				GCC_WARN_UNINITIALIZED_AUTOS = YES_AGGRESSIVE;
				GCC_WARN_UNUSED_FUNCTION = YES;
				GCC_WARN_UNUSED_VARIABLE = YES;
				IPHONEOS_DEPLOYMENT_TARGET = 13.0;
				MTL_ENABLE_DEBUG_INFO = INCLUDE_SOURCE;
				MTL_FAST_MATH = YES;
				ONLY_ACTIVE_ARCH = YES;
				SDKROOT = iphoneos;
				SWIFT_ACTIVE_COMPILATION_CONDITIONS = DEBUG;
				SWIFT_OPTIMIZATION_LEVEL = "-Onone";
			};
			name = Debug;
		};
		84CEE50825A30C4800C567B5 /* Release */ = {
			isa = XCBuildConfiguration;
			buildSettings = {
				ALWAYS_SEARCH_USER_PATHS = NO;
				CLANG_ANALYZER_NONNULL = YES;
				CLANG_ANALYZER_NUMBER_OBJECT_CONVERSION = YES_AGGRESSIVE;
				CLANG_CXX_LANGUAGE_STANDARD = "gnu++14";
				CLANG_CXX_LIBRARY = "libc++";
				CLANG_ENABLE_MODULES = YES;
				CLANG_ENABLE_OBJC_ARC = YES;
				CLANG_ENABLE_OBJC_WEAK = YES;
				CLANG_WARN_BLOCK_CAPTURE_AUTORELEASING = YES;
				CLANG_WARN_BOOL_CONVERSION = YES;
				CLANG_WARN_COMMA = YES;
				CLANG_WARN_CONSTANT_CONVERSION = YES;
				CLANG_WARN_DEPRECATED_OBJC_IMPLEMENTATIONS = YES;
				CLANG_WARN_DIRECT_OBJC_ISA_USAGE = YES_ERROR;
				CLANG_WARN_DOCUMENTATION_COMMENTS = YES;
				CLANG_WARN_EMPTY_BODY = YES;
				CLANG_WARN_ENUM_CONVERSION = YES;
				CLANG_WARN_INFINITE_RECURSION = YES;
				CLANG_WARN_INT_CONVERSION = YES;
				CLANG_WARN_NON_LITERAL_NULL_CONVERSION = YES;
				CLANG_WARN_OBJC_IMPLICIT_RETAIN_SELF = YES;
				CLANG_WARN_OBJC_LITERAL_CONVERSION = YES;
				CLANG_WARN_OBJC_ROOT_CLASS = YES_ERROR;
				CLANG_WARN_QUOTED_INCLUDE_IN_FRAMEWORK_HEADER = YES;
				CLANG_WARN_RANGE_LOOP_ANALYSIS = YES;
				CLANG_WARN_STRICT_PROTOTYPES = YES;
				CLANG_WARN_SUSPICIOUS_MOVE = YES;
				CLANG_WARN_UNGUARDED_AVAILABILITY = YES_AGGRESSIVE;
				CLANG_WARN_UNREACHABLE_CODE = YES;
				CLANG_WARN__DUPLICATE_METHOD_MATCH = YES;
				COPY_PHASE_STRIP = NO;
				DEBUG_INFORMATION_FORMAT = "dwarf-with-dsym";
				ENABLE_NS_ASSERTIONS = NO;
				ENABLE_STRICT_OBJC_MSGSEND = YES;
				GCC_C_LANGUAGE_STANDARD = gnu11;
				GCC_NO_COMMON_BLOCKS = YES;
				GCC_WARN_64_TO_32_BIT_CONVERSION = YES;
				GCC_WARN_ABOUT_RETURN_TYPE = YES_ERROR;
				GCC_WARN_UNDECLARED_SELECTOR = YES;
				GCC_WARN_UNINITIALIZED_AUTOS = YES_AGGRESSIVE;
				GCC_WARN_UNUSED_FUNCTION = YES;
				GCC_WARN_UNUSED_VARIABLE = YES;
				IPHONEOS_DEPLOYMENT_TARGET = 13.0;
				MTL_ENABLE_DEBUG_INFO = NO;
				MTL_FAST_MATH = YES;
				SDKROOT = iphoneos;
				SWIFT_COMPILATION_MODE = wholemodule;
				SWIFT_OPTIMIZATION_LEVEL = "-O";
				VALIDATE_PRODUCT = YES;
			};
			name = Release;
		};
		84CEE50A25A30C4800C567B5 /* Debug */ = {
			isa = XCBuildConfiguration;
			buildSettings = {
				ASSETCATALOG_COMPILER_APPICON_NAME = AppIcon;
				ASSETCATALOG_COMPILER_GLOBAL_ACCENT_COLOR_NAME = AccentColor;
				CODE_SIGN_STYLE = Automatic;
				INFOPLIST_FILE = Example/Info.plist;
				IPHONEOS_DEPLOYMENT_TARGET = 13.0;
				LD_RUNPATH_SEARCH_PATHS = (
					"$(inherited)",
					"@executable_path/Frameworks",
				);
				PRODUCT_BUNDLE_IDENTIFIER = vn.conglv.Example;
				PRODUCT_NAME = "$(TARGET_NAME)";
				SWIFT_VERSION = 5.0;
				TARGETED_DEVICE_FAMILY = "1,2";
			};
			name = Debug;
		};
		84CEE50B25A30C4800C567B5 /* Release */ = {
			isa = XCBuildConfiguration;
			buildSettings = {
				ASSETCATALOG_COMPILER_APPICON_NAME = AppIcon;
				ASSETCATALOG_COMPILER_GLOBAL_ACCENT_COLOR_NAME = AccentColor;
				CODE_SIGN_STYLE = Automatic;
				INFOPLIST_FILE = Example/Info.plist;
				IPHONEOS_DEPLOYMENT_TARGET = 13.0;
				LD_RUNPATH_SEARCH_PATHS = (
					"$(inherited)",
					"@executable_path/Frameworks",
				);
				PRODUCT_BUNDLE_IDENTIFIER = vn.conglv.Example;
				PRODUCT_NAME = "$(TARGET_NAME)";
				SWIFT_VERSION = 5.0;
				TARGETED_DEVICE_FAMILY = "1,2";
			};
			name = Release;
		};
/* End XCBuildConfiguration section */

/* Begin XCConfigurationList section */
		845D7EEB25A3F96100D174AD /* Build configuration list for PBXNativeTarget "ExampleTests" */ = {
			isa = XCConfigurationList;
			buildConfigurations = (
				845D7EEC25A3F96100D174AD /* Debug */,
				845D7EED25A3F96100D174AD /* Release */,
			);
			defaultConfigurationIsVisible = 0;
			defaultConfigurationName = Release;
		};
		84CEE4F025A30C4700C567B5 /* Build configuration list for PBXProject "Example" */ = {
			isa = XCConfigurationList;
			buildConfigurations = (
				84CEE50725A30C4800C567B5 /* Debug */,
				84CEE50825A30C4800C567B5 /* Release */,
			);
			defaultConfigurationIsVisible = 0;
			defaultConfigurationName = Release;
		};
		84CEE50925A30C4800C567B5 /* Build configuration list for PBXNativeTarget "Example" */ = {
			isa = XCConfigurationList;
			buildConfigurations = (
				84CEE50A25A30C4800C567B5 /* Debug */,
				84CEE50B25A30C4800C567B5 /* Release */,
			);
			defaultConfigurationIsVisible = 0;
			defaultConfigurationName = Release;
		};
/* End XCConfigurationList section */
	};
	rootObject = 84CEE4ED25A30C4700C567B5 /* Project object */;
}
